
Microsoft Visual Studio Solution File, Format Version 12.00
# Visual Studio 14
VisualStudioVersion = 14.0.25123.0
MinimumVisualStudioVersion = 10.0.40219.1
Project("{FAE04EC0-301F-11D3-BF4B-00C04F79EFBC}") = "ProductionProjectCV", "ProductionProjectCV\ProductionProjectCV.csproj", "{B27B0AA0-91A8-4B66-8550-5DD47D8CC779}"
EndProject
Project("{FAE04EC0-301F-11D3-BF4B-00C04F79EFBC}") = "Services", "Services\Services.csproj", "{1B694AAC-9524-4C0A-A23D-77B84F217AC2}"
EndProject
Project("{FAE04EC0-301F-11D3-BF4B-00C04F79EFBC}") = "DataLayer", "DataLayer\DataLayer.csproj", "{1BB30B52-36B0-469B-A6E8-9F61F9E60110}"
EndProject
Global
	GlobalSection(SolutionConfigurationPlatforms) = preSolution
		Debug|Any CPU = Debug|Any CPU
		Release|Any CPU = Release|Any CPU
	EndGlobalSection
	GlobalSection(ProjectConfigurationPlatforms) = postSolution
		{B27B0AA0-91A8-4B66-8550-5DD47D8CC779}.Debug|Any CPU.ActiveCfg = Debug|Any CPU
		{B27B0AA0-91A8-4B66-8550-5DD47D8CC779}.Debug|Any CPU.Build.0 = Debug|Any CPU
		{B27B0AA0-91A8-4B66-8550-5DD47D8CC779}.Release|Any CPU.ActiveCfg = Release|Any CPU
		{B27B0AA0-91A8-4B66-8550-5DD47D8CC779}.Release|Any CPU.Build.0 = Release|Any CPU
		{1B694AAC-9524-4C0A-A23D-77B84F217AC2}.Debug|Any CPU.ActiveCfg = Debug|Any CPU
		{1B694AAC-9524-4C0A-A23D-77B84F217AC2}.Debug|Any CPU.Build.0 = Debug|Any CPU
		{1B694AAC-9524-4C0A-A23D-77B84F217AC2}.Release|Any CPU.ActiveCfg = Release|Any CPU
		{1B694AAC-9524-4C0A-A23D-77B84F217AC2}.Release|Any CPU.Build.0 = Release|Any CPU
		{1BB30B52-36B0-469B-A6E8-9F61F9E60110}.Debug|Any CPU.ActiveCfg = Debug|Any CPU
		{1BB30B52-36B0-469B-A6E8-9F61F9E60110}.Debug|Any CPU.Build.0 = Debug|Any CPU
		{1BB30B52-36B0-469B-A6E8-9F61F9E60110}.Release|Any CPU.ActiveCfg = Release|Any CPU
		{1BB30B52-36B0-469B-A6E8-9F61F9E60110}.Release|Any CPU.Build.0 = Release|Any CPU
	EndGlobalSection
	GlobalSection(SolutionProperties) = preSolution
		HideSolutionNode = FALSE
	EndGlobalSection
EndGlobal
